// !$*UTF8*$!
{
	archiveVersion = 1;
	classes = {
	};
	objectVersion = 55;
	objects = {

/* Begin PBXBuildFile section */
		8FB555F8285080B8005040B1 /* grail_calendar_pocApp.swift in Sources */ = {isa = PBXBuildFile; fileRef = 8FB555F7285080B8005040B1 /* grail_calendar_pocApp.swift */; };
		8FB555FA285080B8005040B1 /* ContentView.swift in Sources */ = {isa = PBXBuildFile; fileRef = 8FB555F9285080B8005040B1 /* ContentView.swift */; };
		8FB555FC285080BA005040B1 /* Assets.xcassets in Resources */ = {isa = PBXBuildFile; fileRef = 8FB555FB285080BA005040B1 /* Assets.xcassets */; };
		8FB555FF285080BA005040B1 /* Preview Assets.xcassets in Resources */ = {isa = PBXBuildFile; fileRef = 8FB555FE285080BA005040B1 /* Preview Assets.xcassets */; };
		8FB55606285087DC005040B1 /* ShapeView.swift in Sources */ = {isa = PBXBuildFile; fileRef = 8FB55605285087DC005040B1 /* ShapeView.swift */; };
		8FB5560828509B96005040B1 /* Modifier.swift in Sources */ = {isa = PBXBuildFile; fileRef = 8FB5560728509B96005040B1 /* Modifier.swift */; };
		8FB5560A28517520005040B1 /* DP1.swift in Sources */ = {isa = PBXBuildFile; fileRef = 8FB5560928517520005040B1 /* DP1.swift */; };
		8FB5560C28517537005040B1 /* DP2.swift in Sources */ = {isa = PBXBuildFile; fileRef = 8FB5560B28517537005040B1 /* DP2.swift */; };
		8FB5560E28518264005040B1 /* CustomCalendar.swift in Sources */ = {isa = PBXBuildFile; fileRef = 8FB5560D28518264005040B1 /* CustomCalendar.swift */; };
		8FB55610285183B2005040B1 /* CustomCalendarModel.swift in Sources */ = {isa = PBXBuildFile; fileRef = 8FB5560F285183B2005040B1 /* CustomCalendarModel.swift */; };
/* End PBXBuildFile section */

/* Begin PBXFileReference section */
		8FB555F4285080B8005040B1 /* grail-calendar-poc.app */ = {isa = PBXFileReference; explicitFileType = wrapper.application; includeInIndex = 0; path = "grail-calendar-poc.app"; sourceTree = BUILT_PRODUCTS_DIR; };
		8FB555F7285080B8005040B1 /* grail_calendar_pocApp.swift */ = {isa = PBXFileReference; lastKnownFileType = sourcecode.swift; path = grail_calendar_pocApp.swift; sourceTree = "<group>"; };
		8FB555F9285080B8005040B1 /* ContentView.swift */ = {isa = PBXFileReference; lastKnownFileType = sourcecode.swift; path = ContentView.swift; sourceTree = "<group>"; };
		8FB555FB285080BA005040B1 /* Assets.xcassets */ = {isa = PBXFileReference; lastKnownFileType = folder.assetcatalog; path = Assets.xcassets; sourceTree = "<group>"; };
		8FB555FE285080BA005040B1 /* Preview Assets.xcassets */ = {isa = PBXFileReference; lastKnownFileType = folder.assetcatalog; path = "Preview Assets.xcassets"; sourceTree = "<group>"; };
		8FB55605285087DC005040B1 /* ShapeView.swift */ = {isa = PBXFileReference; lastKnownFileType = sourcecode.swift; path = ShapeView.swift; sourceTree = "<group>"; };
		8FB5560728509B96005040B1 /* Modifier.swift */ = {isa = PBXFileReference; lastKnownFileType = sourcecode.swift; path = Modifier.swift; sourceTree = "<group>"; };
		8FB5560928517520005040B1 /* DP1.swift */ = {isa = PBXFileReference; lastKnownFileType = sourcecode.swift; path = DP1.swift; sourceTree = "<group>"; };
		8FB5560B28517537005040B1 /* DP2.swift */ = {isa = PBXFileReference; lastKnownFileType = sourcecode.swift; path = DP2.swift; sourceTree = "<group>"; };
		8FB5560D28518264005040B1 /* CustomCalendar.swift */ = {isa = PBXFileReference; lastKnownFileType = sourcecode.swift; path = CustomCalendar.swift; sourceTree = "<group>"; };
		8FB5560F285183B2005040B1 /* CustomCalendarModel.swift */ = {isa = PBXFileReference; lastKnownFileType = sourcecode.swift; path = CustomCalendarModel.swift; sourceTree = "<group>"; };
/* End PBXFileReference section */

/* Begin PBXFrameworksBuildPhase section */
		8FB555F1285080B8005040B1 /* Frameworks */ = {
			isa = PBXFrameworksBuildPhase;
			buildActionMask = 2147483647;
			files = (
			);
			runOnlyForDeploymentPostprocessing = 0;
		};
/* End PBXFrameworksBuildPhase section */

/* Begin PBXGroup section */
		8FB555EB285080B8005040B1 = {
			isa = PBXGroup;
			children = (
				8FB555F6285080B8005040B1 /* grail-calendar-poc */,
				8FB555F5285080B8005040B1 /* Products */,
			);
			sourceTree = "<group>";
		};
		8FB555F5285080B8005040B1 /* Products */ = {
			isa = PBXGroup;
			children = (
				8FB555F4285080B8005040B1 /* grail-calendar-poc.app */,
			);
			name = Products;
			sourceTree = "<group>";
		};
		8FB555F6285080B8005040B1 /* grail-calendar-poc */ = {
			isa = PBXGroup;
			children = (
				8FB555F7285080B8005040B1 /* grail_calendar_pocApp.swift */,
				8FB555F9285080B8005040B1 /* ContentView.swift */,
				8FB5560D28518264005040B1 /* CustomCalendar.swift */,
				8FB5560F285183B2005040B1 /* CustomCalendarModel.swift */,
				8FB5560928517520005040B1 /* DP1.swift */,
				8FB5560B28517537005040B1 /* DP2.swift */,
				8FB5560728509B96005040B1 /* Modifier.swift */,
				8FB55605285087DC005040B1 /* ShapeView.swift */,
				8FB555FB285080BA005040B1 /* Assets.xcassets */,
				8FB555FD285080BA005040B1 /* Preview Content */,
			);
			path = "grail-calendar-poc";
			sourceTree = "<group>";
		};
		8FB555FD285080BA005040B1 /* Preview Content */ = {
			isa = PBXGroup;
			children = (
				8FB555FE285080BA005040B1 /* Preview Assets.xcassets */,
			);
			path = "Preview Content";
			sourceTree = "<group>";
		};
/* End PBXGroup section */

/* Begin PBXNativeTarget section */
		8FB555F3285080B8005040B1 /* grail-calendar-poc */ = {
			isa = PBXNativeTarget;
			buildConfigurationList = 8FB55602285080BA005040B1 /* Build configuration list for PBXNativeTarget "grail-calendar-poc" */;
			buildPhases = (
				8FB555F0285080B8005040B1 /* Sources */,
				8FB555F1285080B8005040B1 /* Frameworks */,
				8FB555F2285080B8005040B1 /* Resources */,
			);
			buildRules = (
			);
			dependencies = (
			);
			name = "grail-calendar-poc";
			productName = "grail-calendar-poc";
			productReference = 8FB555F4285080B8005040B1 /* grail-calendar-poc.app */;
			productType = "com.apple.product-type.application";
		};
/* End PBXNativeTarget section */

/* Begin PBXProject section */
		8FB555EC285080B8005040B1 /* Project object */ = {
			isa = PBXProject;
			attributes = {
				BuildIndependentTargetsInParallel = 1;
				LastSwiftUpdateCheck = 1330;
				LastUpgradeCheck = 1330;
				TargetAttributes = {
					8FB555F3285080B8005040B1 = {
						CreatedOnToolsVersion = 13.3.1;
					};
				};
			};
			buildConfigurationList = 8FB555EF285080B8005040B1 /* Build configuration list for PBXProject "grail-calendar-poc" */;
			compatibilityVersion = "Xcode 13.0";
			developmentRegion = en;
			hasScannedForEncodings = 0;
			knownRegions = (
				en,
				Base,
			);
			mainGroup = 8FB555EB285080B8005040B1;
			productRefGroup = 8FB555F5285080B8005040B1 /* Products */;
			projectDirPath = "";
			projectRoot = "";
			targets = (
				8FB555F3285080B8005040B1 /* grail-calendar-poc */,
			);
		};
/* End PBXProject section */

/* Begin PBXResourcesBuildPhase section */
		8FB555F2285080B8005040B1 /* Resources */ = {
			isa = PBXResourcesBuildPhase;
			buildActionMask = 2147483647;
			files = (
				8FB555FF285080BA005040B1 /* Preview Assets.xcassets in Resources */,
				8FB555FC285080BA005040B1 /* Assets.xcassets in Resources */,
			);
			runOnlyForDeploymentPostprocessing = 0;
		};
/* End PBXResourcesBuildPhase section */

/* Begin PBXSourcesBuildPhase section */
		8FB555F0285080B8005040B1 /* Sources */ = {
			isa = PBXSourcesBuildPhase;
			buildActionMask = 2147483647;
			files = (
				8FB5560C28517537005040B1 /* DP2.swift in Sources */,
				8FB5560828509B96005040B1 /* Modifier.swift in Sources */,
				8FB55610285183B2005040B1 /* CustomCalendarModel.swift in Sources */,
				8FB55606285087DC005040B1 /* ShapeView.swift in Sources */,
				8FB555FA285080B8005040B1 /* ContentView.swift in Sources */,
				8FB5560E28518264005040B1 /* CustomCalendar.swift in Sources */,
				8FB555F8285080B8005040B1 /* grail_calendar_pocApp.swift in Sources */,
				8FB5560A28517520005040B1 /* DP1.swift in Sources */,
			);
			runOnlyForDeploymentPostprocessing = 0;
		};
/* End PBXSourcesBuildPhase section */

/* Begin XCBuildConfiguration section */
		8FB55600285080BA005040B1 /* Debug */ = {
			isa = XCBuildConfiguration;
			buildSettings = {
				ALWAYS_SEARCH_USER_PATHS = NO;
				CLANG_ANALYZER_NONNULL = YES;
				CLANG_ANALYZER_NUMBER_OBJECT_CONVERSION = YES_AGGRESSIVE;
				CLANG_CXX_LANGUAGE_STANDARD = "gnu++17";
				CLANG_ENABLE_MODULES = YES;
				CLANG_ENABLE_OBJC_ARC = YES;
				CLANG_ENABLE_OBJC_WEAK = YES;
				CLANG_WARN_BLOCK_CAPTURE_AUTORELEASING = YES;
				CLANG_WARN_BOOL_CONVERSION = YES;
				CLANG_WARN_COMMA = YES;
				CLANG_WARN_CONSTANT_CONVERSION = YES;
				CLANG_WARN_DEPRECATED_OBJC_IMPLEMENTATIONS = YES;
				CLANG_WARN_DIRECT_OBJC_ISA_USAGE = YES_ERROR;
				CLANG_WARN_DOCUMENTATION_COMMENTS = YES;
				CLANG_WARN_EMPTY_BODY = YES;
				CLANG_WARN_ENUM_CONVERSION = YES;
				CLANG_WARN_INFINITE_RECURSION = YES;
				CLANG_WARN_INT_CONVERSION = YES;
				CLANG_WARN_NON_LITERAL_NULL_CONVERSION = YES;
				CLANG_WARN_OBJC_IMPLICIT_RETAIN_SELF = YES;
				CLANG_WARN_OBJC_LITERAL_CONVERSION = YES;
				CLANG_WARN_OBJC_ROOT_CLASS = YES_ERROR;
				CLANG_WARN_QUOTED_INCLUDE_IN_FRAMEWORK_HEADER = YES;
				CLANG_WARN_RANGE_LOOP_ANALYSIS = YES;
				CLANG_WARN_STRICT_PROTOTYPES = YES;
				CLANG_WARN_SUSPICIOUS_MOVE = YES;
				CLANG_WARN_UNGUARDED_AVAILABILITY = YES_AGGRESSIVE;
				CLANG_WARN_UNREACHABLE_CODE = YES;
				CLANG_WARN__DUPLICATE_METHOD_MATCH = YES;
				COPY_PHASE_STRIP = NO;
				DEBUG_INFORMATION_FORMAT = dwarf;
				ENABLE_STRICT_OBJC_MSGSEND = YES;
				ENABLE_TESTABILITY = YES;
				GCC_C_LANGUAGE_STANDARD = gnu11;
				GCC_DYNAMIC_NO_PIC = NO;
				GCC_NO_COMMON_BLOCKS = YES;
				GCC_OPTIMIZATION_LEVEL = 0;
				GCC_PREPROCESSOR_DEFINITIONS = (
					"DEBUG=1",
					"$(inherited)",
				);
				GCC_WARN_64_TO_32_BIT_CONVERSION = YES;
				GCC_WARN_ABOUT_RETURN_TYPE = YES_ERROR;
				GCC_WARN_UNDECLARED_SELECTOR = YES;
				GCC_WARN_UNINITIALIZED_AUTOS = YES_AGGRESSIVE;
				GCC_WARN_UNUSED_FUNCTION = YES;
				GCC_WARN_UNUSED_VARIABLE = YES;
				IPHONEOS_DEPLOYMENT_TARGET = 15.4;
				MTL_ENABLE_DEBUG_INFO = INCLUDE_SOURCE;
				MTL_FAST_MATH = YES;
				ONLY_ACTIVE_ARCH = YES;
				SDKROOT = iphoneos;
				SWIFT_ACTIVE_COMPILATION_CONDITIONS = DEBUG;
				SWIFT_OPTIMIZATION_LEVEL = "-Onone";
			};
			name = Debug;
		};
		8FB55601285080BA005040B1 /* Release */ = {
			isa = XCBuildConfiguration;
			buildSettings = {
				ALWAYS_SEARCH_USER_PATHS = NO;
				CLANG_ANALYZER_NONNULL = YES;
				CLANG_ANALYZER_NUMBER_OBJECT_CONVERSION = YES_AGGRESSIVE;
				CLANG_CXX_LANGUAGE_STANDARD = "gnu++17";
				CLANG_ENABLE_MODULES = YES;
				CLANG_ENABLE_OBJC_ARC = YES;
				CLANG_ENABLE_OBJC_WEAK = YES;
				CLANG_WARN_BLOCK_CAPTURE_AUTORELEASING = YES;
				CLANG_WARN_BOOL_CONVERSION = YES;
				CLANG_WARN_COMMA = YES;
				CLANG_WARN_CONSTANT_CONVERSION = YES;
				CLANG_WARN_DEPRECATED_OBJC_IMPLEMENTATIONS = YES;
				CLANG_WARN_DIRECT_OBJC_ISA_USAGE = YES_ERROR;
				CLANG_WARN_DOCUMENTATION_COMMENTS = YES;
				CLANG_WARN_EMPTY_BODY = YES;
				CLANG_WARN_ENUM_CONVERSION = YES;
				CLANG_WARN_INFINITE_RECURSION = YES;
				CLANG_WARN_INT_CONVERSION = YES;
				CLANG_WARN_NON_LITERAL_NULL_CONVERSION = YES;
				CLANG_WARN_OBJC_IMPLICIT_RETAIN_SELF = YES;
				CLANG_WARN_OBJC_LITERAL_CONVERSION = YES;
				CLANG_WARN_OBJC_ROOT_CLASS = YES_ERROR;
				CLANG_WARN_QUOTED_INCLUDE_IN_FRAMEWORK_HEADER = YES;
				CLANG_WARN_RANGE_LOOP_ANALYSIS = YES;
				CLANG_WARN_STRICT_PROTOTYPES = YES;
				CLANG_WARN_SUSPICIOUS_MOVE = YES;
				CLANG_WARN_UNGUARDED_AVAILABILITY = YES_AGGRESSIVE;
				CLANG_WARN_UNREACHABLE_CODE = YES;
				CLANG_WARN__DUPLICATE_METHOD_MATCH = YES;
				COPY_PHASE_STRIP = NO;
				DEBUG_INFORMATION_FORMAT = "dwarf-with-dsym";
				ENABLE_NS_ASSERTIONS = NO;
				ENABLE_STRICT_OBJC_MSGSEND = YES;
				GCC_C_LANGUAGE_STANDARD = gnu11;
				GCC_NO_COMMON_BLOCKS = YES;
				GCC_WARN_64_TO_32_BIT_CONVERSION = YES;
				GCC_WARN_ABOUT_RETURN_TYPE = YES_ERROR;
				GCC_WARN_UNDECLARED_SELECTOR = YES;
				GCC_WARN_UNINITIALIZED_AUTOS = YES_AGGRESSIVE;
				GCC_WARN_UNUSED_FUNCTION = YES;
				GCC_WARN_UNUSED_VARIABLE = YES;
				IPHONEOS_DEPLOYMENT_TARGET = 15.4;
				MTL_ENABLE_DEBUG_INFO = NO;
				MTL_FAST_MATH = YES;
				SDKROOT = iphoneos;
				SWIFT_COMPILATION_MODE = wholemodule;
				SWIFT_OPTIMIZATION_LEVEL = "-O";
				VALIDATE_PRODUCT = YES;
			};
			name = Release;
		};
		8FB55603285080BA005040B1 /* Debug */ = {
			isa = XCBuildConfiguration;
			buildSettings = {
				ASSETCATALOG_COMPILER_APPICON_NAME = AppIcon;
				ASSETCATALOG_COMPILER_GLOBAL_ACCENT_COLOR_NAME = AccentColor;
				CODE_SIGN_STYLE = Automatic;
				CURRENT_PROJECT_VERSION = 1;
				DEVELOPMENT_ASSET_PATHS = "\"grail-calendar-poc/Preview Content\"";
				DEVELOPMENT_TEAM = 38JND4AWYP;
				ENABLE_PREVIEWS = YES;
				GENERATE_INFOPLIST_FILE = YES;
				INFOPLIST_KEY_UIApplicationSceneManifest_Generation = YES;
				INFOPLIST_KEY_UIApplicationSupportsIndirectInputEvents = YES;
				INFOPLIST_KEY_UILaunchScreen_Generation = YES;
				INFOPLIST_KEY_UISupportedInterfaceOrientations_iPad = "UIInterfaceOrientationPortrait UIInterfaceOrientationPortraitUpsideDown UIInterfaceOrientationLandscapeLeft UIInterfaceOrientationLandscapeRight";
				INFOPLIST_KEY_UISupportedInterfaceOrientations_iPhone = "UIInterfaceOrientationPortrait UIInterfaceOrientationLandscapeLeft UIInterfaceOrientationLandscapeRight";
				LD_RUNPATH_SEARCH_PATHS = (
					"$(inherited)",
					"@executable_path/Frameworks",
				);
				MARKETING_VERSION = 1.0;
				PRODUCT_BUNDLE_IDENTIFIER = "com.cnt.grail-calendar-poc";
				PRODUCT_NAME = "$(TARGET_NAME)";
				SWIFT_EMIT_LOC_STRINGS = YES;
				SWIFT_VERSION = 5.0;
				TARGETED_DEVICE_FAMILY = "1,2";
			};
			name = Debug;
		};
		8FB55604285080BA005040B1 /* Release */ = {
			isa = XCBuildConfiguration;
			buildSettings = {
				ASSETCATALOG_COMPILER_APPICON_NAME = AppIcon;
				ASSETCATALOG_COMPILER_GLOBAL_ACCENT_COLOR_NAME = AccentColor;
				CODE_SIGN_STYLE = Automatic;
				CURRENT_PROJECT_VERSION = 1;
				DEVELOPMENT_ASSET_PATHS = "\"grail-calendar-poc/Preview Content\"";
				DEVELOPMENT_TEAM = 38JND4AWYP;
				ENABLE_PREVIEWS = YES;
				GENERATE_INFOPLIST_FILE = YES;
				INFOPLIST_KEY_UIApplicationSceneManifest_Generation = YES;
				INFOPLIST_KEY_UIApplicationSupportsIndirectInputEvents = YES;
				INFOPLIST_KEY_UILaunchScreen_Generation = YES;
				INFOPLIST_KEY_UISupportedInterfaceOrientations_iPad = "UIInterfaceOrientationPortrait UIInterfaceOrientationPortraitUpsideDown UIInterfaceOrientationLandscapeLeft UIInterfaceOrientationLandscapeRight";
				INFOPLIST_KEY_UISupportedInterfaceOrientations_iPhone = "UIInterfaceOrientationPortrait UIInterfaceOrientationLandscapeLeft UIInterfaceOrientationLandscapeRight";
				LD_RUNPATH_SEARCH_PATHS = (
					"$(inherited)",
					"@executable_path/Frameworks",
				);
				MARKETING_VERSION = 1.0;
				PRODUCT_BUNDLE_IDENTIFIER = "com.cnt.grail-calendar-poc";
				PRODUCT_NAME = "$(TARGET_NAME)";
				SWIFT_EMIT_LOC_STRINGS = YES;
				SWIFT_VERSION = 5.0;
				TARGETED_DEVICE_FAMILY = "1,2";
			};
			name = Release;
		};
/* End XCBuildConfiguration section */

/* Begin XCConfigurationList section */
		8FB555EF285080B8005040B1 /* Build configuration list for PBXProject "grail-calendar-poc" */ = {
			isa = XCConfigurationList;
			buildConfigurations = (
				8FB55600285080BA005040B1 /* Debug */,
				8FB55601285080BA005040B1 /* Release */,
			);
			defaultConfigurationIsVisible = 0;
			defaultConfigurationName = Release;
		};
		8FB55602285080BA005040B1 /* Build configuration list for PBXNativeTarget "grail-calendar-poc" */ = {
			isa = XCConfigurationList;
			buildConfigurations = (
				8FB55603285080BA005040B1 /* Debug */,
				8FB55604285080BA005040B1 /* Release */,
			);
			defaultConfigurationIsVisible = 0;
			defaultConfigurationName = Release;
		};
/* End XCConfigurationList section */
	};
	rootObject = 8FB555EC285080B8005040B1 /* Project object */;
}
